// !$*UTF8*$!
{
	archiveVersion = 1;
	classes = {
	};
	objectVersion = 56;
	objects = {

/* Begin PBXBuildFile section */
		039C5C282C6622A90016894F /* Article.swift in Sources */ = {isa = PBXBuildFile; fileRef = 039C5C272C6622A90016894F /* Article.swift */; };
		039C5C2A2C66250A0016894F /* NewsArticlesResponse.swift in Sources */ = {isa = PBXBuildFile; fileRef = 039C5C292C66250A0016894F /* NewsArticlesResponse.swift */; };
		039C5C2C2C6625490016894F /* NewsApiClient.swift in Sources */ = {isa = PBXBuildFile; fileRef = 039C5C2B2C6625490016894F /* NewsApiClient.swift */; };
		039C5C2E2C6625800016894F /* ApiErrors.swift in Sources */ = {isa = PBXBuildFile; fileRef = 039C5C2D2C6625800016894F /* ApiErrors.swift */; };
		039C5C312C66287E0016894F /* HomeView.swift in Sources */ = {isa = PBXBuildFile; fileRef = 039C5C302C66287E0016894F /* HomeView.swift */; };
		039C5C342C66289E0016894F /* ArticleRow.swift in Sources */ = {isa = PBXBuildFile; fileRef = 039C5C332C66289E0016894F /* ArticleRow.swift */; };
		039C5C362C662C600016894F /* ArticlesViewModel.swift in Sources */ = {isa = PBXBuildFile; fileRef = 039C5C352C662C600016894F /* ArticlesViewModel.swift */; };
		039C5C382C662CD60016894F /* ApiKeys.swift in Sources */ = {isa = PBXBuildFile; fileRef = 039C5C372C662CD60016894F /* ApiKeys.swift */; };
		039C5C3A2C6663840016894F /* URLComponents.swift in Sources */ = {isa = PBXBuildFile; fileRef = 039C5C392C6663840016894F /* URLComponents.swift */; };
		039C5C3C2C66B19D0016894F /* ArticleDetailView.swift in Sources */ = {isa = PBXBuildFile; fileRef = 039C5C3B2C66B19D0016894F /* ArticleDetailView.swift */; };
		039C5C3E2C66BF1B0016894F /* HeadlineDetails.swift in Sources */ = {isa = PBXBuildFile; fileRef = 039C5C3D2C66BF1B0016894F /* HeadlineDetails.swift */; };
		039C5C402C66C05A0016894F /* DetailsImage.swift in Sources */ = {isa = PBXBuildFile; fileRef = 039C5C3F2C66C05A0016894F /* DetailsImage.swift */; };
		039C5C472C66C9180016894F /* DateFormatterHelper.swift in Sources */ = {isa = PBXBuildFile; fileRef = 039C5C462C66C9180016894F /* DateFormatterHelper.swift */; };
		039C5C492C66D8350016894F /* ArticleDetailsDescription.swift in Sources */ = {isa = PBXBuildFile; fileRef = 039C5C482C66D8350016894F /* ArticleDetailsDescription.swift */; };
		039C5C4B2C66F7910016894F /* NewsView.swift in Sources */ = {isa = PBXBuildFile; fileRef = 039C5C4A2C66F7910016894F /* NewsView.swift */; };
		039C5C4D2C66FECE0016894F /* FilteredArticlesViewModel.swift in Sources */ = {isa = PBXBuildFile; fileRef = 039C5C4C2C66FECE0016894F /* FilteredArticlesViewModel.swift */; };
		039C5C4F2C6711790016894F /* FilterDisclosure.swift in Sources */ = {isa = PBXBuildFile; fileRef = 039C5C4E2C6711790016894F /* FilterDisclosure.swift */; };
		CEA2E0002A4C696A00AB527A /* Daily_NewsApp.swift in Sources */ = {isa = PBXBuildFile; fileRef = CEA2DFFF2A4C696A00AB527A /* Daily_NewsApp.swift */; };
		CEA2E0022A4C696A00AB527A /* ContentView.swift in Sources */ = {isa = PBXBuildFile; fileRef = CEA2E0012A4C696A00AB527A /* ContentView.swift */; };
		CEA2E0042A4C696B00AB527A /* Assets.xcassets in Resources */ = {isa = PBXBuildFile; fileRef = CEA2E0032A4C696B00AB527A /* Assets.xcassets */; };
		CEA2E0072A4C696B00AB527A /* Preview Assets.xcassets in Resources */ = {isa = PBXBuildFile; fileRef = CEA2E0062A4C696B00AB527A /* Preview Assets.xcassets */; };
		CEA2E00E2A4C69A500AB527A /* .gitignore in Resources */ = {isa = PBXBuildFile; fileRef = CEA2E00D2A4C69A500AB527A /* .gitignore */; };
/* End PBXBuildFile section */

/* Begin PBXFileReference section */
		039C5C272C6622A90016894F /* Article.swift */ = {isa = PBXFileReference; lastKnownFileType = sourcecode.swift; path = Article.swift; sourceTree = "<group>"; };
		039C5C292C66250A0016894F /* NewsArticlesResponse.swift */ = {isa = PBXFileReference; lastKnownFileType = sourcecode.swift; path = NewsArticlesResponse.swift; sourceTree = "<group>"; };
		039C5C2B2C6625490016894F /* NewsApiClient.swift */ = {isa = PBXFileReference; lastKnownFileType = sourcecode.swift; path = NewsApiClient.swift; sourceTree = "<group>"; };
		039C5C2D2C6625800016894F /* ApiErrors.swift */ = {isa = PBXFileReference; lastKnownFileType = sourcecode.swift; path = ApiErrors.swift; sourceTree = "<group>"; };
		039C5C302C66287E0016894F /* HomeView.swift */ = {isa = PBXFileReference; lastKnownFileType = sourcecode.swift; path = HomeView.swift; sourceTree = "<group>"; };
		039C5C332C66289E0016894F /* ArticleRow.swift */ = {isa = PBXFileReference; lastKnownFileType = sourcecode.swift; path = ArticleRow.swift; sourceTree = "<group>"; };
		039C5C352C662C600016894F /* ArticlesViewModel.swift */ = {isa = PBXFileReference; lastKnownFileType = sourcecode.swift; path = ArticlesViewModel.swift; sourceTree = "<group>"; };
		039C5C372C662CD60016894F /* ApiKeys.swift */ = {isa = PBXFileReference; lastKnownFileType = sourcecode.swift; path = ApiKeys.swift; sourceTree = "<group>"; };
		039C5C392C6663840016894F /* URLComponents.swift */ = {isa = PBXFileReference; lastKnownFileType = sourcecode.swift; path = URLComponents.swift; sourceTree = "<group>"; };
		039C5C3B2C66B19D0016894F /* ArticleDetailView.swift */ = {isa = PBXFileReference; lastKnownFileType = sourcecode.swift; path = ArticleDetailView.swift; sourceTree = "<group>"; };
		039C5C3D2C66BF1B0016894F /* HeadlineDetails.swift */ = {isa = PBXFileReference; lastKnownFileType = sourcecode.swift; path = HeadlineDetails.swift; sourceTree = "<group>"; };
		039C5C3F2C66C05A0016894F /* DetailsImage.swift */ = {isa = PBXFileReference; lastKnownFileType = sourcecode.swift; path = DetailsImage.swift; sourceTree = "<group>"; };
		039C5C462C66C9180016894F /* DateFormatterHelper.swift */ = {isa = PBXFileReference; lastKnownFileType = sourcecode.swift; path = DateFormatterHelper.swift; sourceTree = "<group>"; };
		039C5C482C66D8350016894F /* ArticleDetailsDescription.swift */ = {isa = PBXFileReference; lastKnownFileType = sourcecode.swift; path = ArticleDetailsDescription.swift; sourceTree = "<group>"; };
		039C5C4A2C66F7910016894F /* NewsView.swift */ = {isa = PBXFileReference; lastKnownFileType = sourcecode.swift; path = NewsView.swift; sourceTree = "<group>"; };
		039C5C4C2C66FECE0016894F /* FilteredArticlesViewModel.swift */ = {isa = PBXFileReference; lastKnownFileType = sourcecode.swift; path = FilteredArticlesViewModel.swift; sourceTree = "<group>"; };
		039C5C4E2C6711790016894F /* FilterDisclosure.swift */ = {isa = PBXFileReference; lastKnownFileType = sourcecode.swift; path = FilterDisclosure.swift; sourceTree = "<group>"; };
		CEA2DFFC2A4C696A00AB527A /* Daily News.app */ = {isa = PBXFileReference; explicitFileType = wrapper.application; includeInIndex = 0; path = "Daily News.app"; sourceTree = BUILT_PRODUCTS_DIR; };
		CEA2DFFF2A4C696A00AB527A /* Daily_NewsApp.swift */ = {isa = PBXFileReference; lastKnownFileType = sourcecode.swift; path = Daily_NewsApp.swift; sourceTree = "<group>"; };
		CEA2E0012A4C696A00AB527A /* ContentView.swift */ = {isa = PBXFileReference; lastKnownFileType = sourcecode.swift; path = ContentView.swift; sourceTree = "<group>"; };
		CEA2E0032A4C696B00AB527A /* Assets.xcassets */ = {isa = PBXFileReference; lastKnownFileType = folder.assetcatalog; path = Assets.xcassets; sourceTree = "<group>"; };
		CEA2E0062A4C696B00AB527A /* Preview Assets.xcassets */ = {isa = PBXFileReference; lastKnownFileType = folder.assetcatalog; path = "Preview Assets.xcassets"; sourceTree = "<group>"; };
		CEA2E00D2A4C69A500AB527A /* .gitignore */ = {isa = PBXFileReference; fileEncoding = 4; lastKnownFileType = text; path = .gitignore; sourceTree = "<group>"; };
/* End PBXFileReference section */

/* Begin PBXFrameworksBuildPhase section */
		CEA2DFF92A4C696A00AB527A /* Frameworks */ = {
			isa = PBXFrameworksBuildPhase;
			buildActionMask = 2147483647;
			files = (
			);
			runOnlyForDeploymentPostprocessing = 0;
		};
/* End PBXFrameworksBuildPhase section */

/* Begin PBXGroup section */
		039C5C222C66218B0016894F /* Api */ = {
			isa = PBXGroup;
			children = (
				039C5C2B2C6625490016894F /* NewsApiClient.swift */,
			);
			path = Api;
			sourceTree = "<group>";
		};
		039C5C232C66219F0016894F /* Models */ = {
			isa = PBXGroup;
			children = (
				039C5C272C6622A90016894F /* Article.swift */,
				039C5C292C66250A0016894F /* NewsArticlesResponse.swift */,
			);
			path = Models;
			sourceTree = "<group>";
		};
		039C5C242C6621A40016894F /* ViewModels */ = {
			isa = PBXGroup;
			children = (
				039C5C352C662C600016894F /* ArticlesViewModel.swift */,
				039C5C4C2C66FECE0016894F /* FilteredArticlesViewModel.swift */,
			);
			path = ViewModels;
			sourceTree = "<group>";
		};
		039C5C252C6621AC0016894F /* Views */ = {
			isa = PBXGroup;
			children = (
				039C5C2F2C66285F0016894F /* Components */,
				039C5C302C66287E0016894F /* HomeView.swift */,
				039C5C3B2C66B19D0016894F /* ArticleDetailView.swift */,
				039C5C4A2C66F7910016894F /* NewsView.swift */,
			);
			path = Views;
			sourceTree = "<group>";
		};
		039C5C262C6621EB0016894F /* Enums */ = {
			isa = PBXGroup;
			children = (
				039C5C2D2C6625800016894F /* ApiErrors.swift */,
				039C5C372C662CD60016894F /* ApiKeys.swift */,
				039C5C392C6663840016894F /* URLComponents.swift */,
			);
			path = Enums;
			sourceTree = "<group>";
		};
		039C5C2F2C66285F0016894F /* Components */ = {
			isa = PBXGroup;
			children = (
				039C5C332C66289E0016894F /* ArticleRow.swift */,
				039C5C3D2C66BF1B0016894F /* HeadlineDetails.swift */,
				039C5C3F2C66C05A0016894F /* DetailsImage.swift */,
				039C5C482C66D8350016894F /* ArticleDetailsDescription.swift */,
				039C5C4E2C6711790016894F /* FilterDisclosure.swift */,
			);
			path = Components;
			sourceTree = "<group>";
		};
		039C5C412C66C71C0016894F /* Helpers */ = {
			isa = PBXGroup;
			children = (
				039C5C462C66C9180016894F /* DateFormatterHelper.swift */,
			);
			path = Helpers;
			sourceTree = "<group>";
		};
		CEA2DFF32A4C696A00AB527A = {
			isa = PBXGroup;
			children = (
				CEA2E00D2A4C69A500AB527A /* .gitignore */,
				CEA2DFFE2A4C696A00AB527A /* Daily News */,
				CEA2DFFD2A4C696A00AB527A /* Products */,
			);
			sourceTree = "<group>";
		};
		CEA2DFFD2A4C696A00AB527A /* Products */ = {
			isa = PBXGroup;
			children = (
				CEA2DFFC2A4C696A00AB527A /* Daily News.app */,
			);
			name = Products;
			sourceTree = "<group>";
		};
		CEA2DFFE2A4C696A00AB527A /* Daily News */ = {
			isa = PBXGroup;
			children = (
				039C5C412C66C71C0016894F /* Helpers */,
				039C5C262C6621EB0016894F /* Enums */,
				039C5C252C6621AC0016894F /* Views */,
				039C5C242C6621A40016894F /* ViewModels */,
				039C5C232C66219F0016894F /* Models */,
				039C5C222C66218B0016894F /* Api */,
				CEA2DFFF2A4C696A00AB527A /* Daily_NewsApp.swift */,
				CEA2E0012A4C696A00AB527A /* ContentView.swift */,
				CEA2E0032A4C696B00AB527A /* Assets.xcassets */,
				CEA2E0052A4C696B00AB527A /* Preview Content */,
			);
			path = "Daily News";
			sourceTree = "<group>";
		};
		CEA2E0052A4C696B00AB527A /* Preview Content */ = {
			isa = PBXGroup;
			children = (
				CEA2E0062A4C696B00AB527A /* Preview Assets.xcassets */,
			);
			path = "Preview Content";
			sourceTree = "<group>";
		};
/* End PBXGroup section */

/* Begin PBXNativeTarget section */
		CEA2DFFB2A4C696A00AB527A /* Daily News */ = {
			isa = PBXNativeTarget;
			buildConfigurationList = CEA2E00A2A4C696B00AB527A /* Build configuration list for PBXNativeTarget "Daily News" */;
			buildPhases = (
				CEA2DFF82A4C696A00AB527A /* Sources */,
				CEA2DFF92A4C696A00AB527A /* Frameworks */,
				CEA2DFFA2A4C696A00AB527A /* Resources */,
			);
			buildRules = (
			);
			dependencies = (
			);
			name = "Daily News";
			productName = "Daily News";
			productReference = CEA2DFFC2A4C696A00AB527A /* Daily News.app */;
			productType = "com.apple.product-type.application";
		};
/* End PBXNativeTarget section */

/* Begin PBXProject section */
		CEA2DFF42A4C696A00AB527A /* Project object */ = {
			isa = PBXProject;
			attributes = {
				BuildIndependentTargetsInParallel = 1;
				LastSwiftUpdateCheck = 1430;
				LastUpgradeCheck = 1540;
				TargetAttributes = {
					CEA2DFFB2A4C696A00AB527A = {
						CreatedOnToolsVersion = 14.3.1;
					};
				};
			};
			buildConfigurationList = CEA2DFF72A4C696A00AB527A /* Build configuration list for PBXProject "Daily News" */;
			compatibilityVersion = "Xcode 14.0";
			developmentRegion = en;
			hasScannedForEncodings = 0;
			knownRegions = (
				en,
				Base,
			);
			mainGroup = CEA2DFF32A4C696A00AB527A;
			productRefGroup = CEA2DFFD2A4C696A00AB527A /* Products */;
			projectDirPath = "";
			projectRoot = "";
			targets = (
				CEA2DFFB2A4C696A00AB527A /* Daily News */,
			);
		};
/* End PBXProject section */

/* Begin PBXResourcesBuildPhase section */
		CEA2DFFA2A4C696A00AB527A /* Resources */ = {
			isa = PBXResourcesBuildPhase;
			buildActionMask = 2147483647;
			files = (
				CEA2E0072A4C696B00AB527A /* Preview Assets.xcassets in Resources */,
				CEA2E00E2A4C69A500AB527A /* .gitignore in Resources */,
				CEA2E0042A4C696B00AB527A /* Assets.xcassets in Resources */,
			);
			runOnlyForDeploymentPostprocessing = 0;
		};
/* End PBXResourcesBuildPhase section */

/* Begin PBXSourcesBuildPhase section */
		CEA2DFF82A4C696A00AB527A /* Sources */ = {
			isa = PBXSourcesBuildPhase;
			buildActionMask = 2147483647;
			files = (
				039C5C3C2C66B19D0016894F /* ArticleDetailView.swift in Sources */,
				039C5C3A2C6663840016894F /* URLComponents.swift in Sources */,
				039C5C2C2C6625490016894F /* NewsApiClient.swift in Sources */,
				039C5C312C66287E0016894F /* HomeView.swift in Sources */,
				039C5C2A2C66250A0016894F /* NewsArticlesResponse.swift in Sources */,
				CEA2E0022A4C696A00AB527A /* ContentView.swift in Sources */,
				039C5C4B2C66F7910016894F /* NewsView.swift in Sources */,
				039C5C4D2C66FECE0016894F /* FilteredArticlesViewModel.swift in Sources */,
				039C5C472C66C9180016894F /* DateFormatterHelper.swift in Sources */,
				039C5C382C662CD60016894F /* ApiKeys.swift in Sources */,
				039C5C492C66D8350016894F /* ArticleDetailsDescription.swift in Sources */,
				039C5C4F2C6711790016894F /* FilterDisclosure.swift in Sources */,
				CEA2E0002A4C696A00AB527A /* Daily_NewsApp.swift in Sources */,
				039C5C362C662C600016894F /* ArticlesViewModel.swift in Sources */,
				039C5C282C6622A90016894F /* Article.swift in Sources */,
				039C5C3E2C66BF1B0016894F /* HeadlineDetails.swift in Sources */,
				039C5C2E2C6625800016894F /* ApiErrors.swift in Sources */,
				039C5C402C66C05A0016894F /* DetailsImage.swift in Sources */,
				039C5C342C66289E0016894F /* ArticleRow.swift in Sources */,
			);
			runOnlyForDeploymentPostprocessing = 0;
		};
/* End PBXSourcesBuildPhase section */

/* Begin XCBuildConfiguration section */
		CEA2E0082A4C696B00AB527A /* Debug */ = {
			isa = XCBuildConfiguration;
			buildSettings = {
				ALWAYS_SEARCH_USER_PATHS = NO;
				CLANG_ANALYZER_NONNULL = YES;
				CLANG_ANALYZER_NUMBER_OBJECT_CONVERSION = YES_AGGRESSIVE;
				CLANG_CXX_LANGUAGE_STANDARD = "gnu++20";
				CLANG_ENABLE_MODULES = YES;
				CLANG_ENABLE_OBJC_ARC = YES;
				CLANG_ENABLE_OBJC_WEAK = YES;
				CLANG_WARN_BLOCK_CAPTURE_AUTORELEASING = YES;
				CLANG_WARN_BOOL_CONVERSION = YES;
				CLANG_WARN_COMMA = YES;
				CLANG_WARN_CONSTANT_CONVERSION = YES;
				CLANG_WARN_DEPRECATED_OBJC_IMPLEMENTATIONS = YES;
				CLANG_WARN_DIRECT_OBJC_ISA_USAGE = YES_ERROR;
				CLANG_WARN_DOCUMENTATION_COMMENTS = YES;
				CLANG_WARN_EMPTY_BODY = YES;
				CLANG_WARN_ENUM_CONVERSION = YES;
				CLANG_WARN_INFINITE_RECURSION = YES;
				CLANG_WARN_INT_CONVERSION = YES;
				CLANG_WARN_NON_LITERAL_NULL_CONVERSION = YES;
				CLANG_WARN_OBJC_IMPLICIT_RETAIN_SELF = YES;
				CLANG_WARN_OBJC_LITERAL_CONVERSION = YES;
				CLANG_WARN_OBJC_ROOT_CLASS = YES_ERROR;
				CLANG_WARN_QUOTED_INCLUDE_IN_FRAMEWORK_HEADER = YES;
				CLANG_WARN_RANGE_LOOP_ANALYSIS = YES;
				CLANG_WARN_STRICT_PROTOTYPES = YES;
				CLANG_WARN_SUSPICIOUS_MOVE = YES;
				CLANG_WARN_UNGUARDED_AVAILABILITY = YES_AGGRESSIVE;
				CLANG_WARN_UNREACHABLE_CODE = YES;
				CLANG_WARN__DUPLICATE_METHOD_MATCH = YES;
				COPY_PHASE_STRIP = NO;
				DEBUG_INFORMATION_FORMAT = dwarf;
				ENABLE_STRICT_OBJC_MSGSEND = YES;
				ENABLE_TESTABILITY = YES;
				ENABLE_USER_SCRIPT_SANDBOXING = YES;
				GCC_C_LANGUAGE_STANDARD = gnu11;
				GCC_DYNAMIC_NO_PIC = NO;
				GCC_NO_COMMON_BLOCKS = YES;
				GCC_OPTIMIZATION_LEVEL = 0;
				GCC_PREPROCESSOR_DEFINITIONS = (
					"DEBUG=1",
					"$(inherited)",
				);
				GCC_WARN_64_TO_32_BIT_CONVERSION = YES;
				GCC_WARN_ABOUT_RETURN_TYPE = YES_ERROR;
				GCC_WARN_UNDECLARED_SELECTOR = YES;
				GCC_WARN_UNINITIALIZED_AUTOS = YES_AGGRESSIVE;
				GCC_WARN_UNUSED_FUNCTION = YES;
				GCC_WARN_UNUSED_VARIABLE = YES;
				IPHONEOS_DEPLOYMENT_TARGET = 17.3;
				MTL_ENABLE_DEBUG_INFO = INCLUDE_SOURCE;
				MTL_FAST_MATH = YES;
				ONLY_ACTIVE_ARCH = YES;
				SDKROOT = iphoneos;
				SWIFT_ACTIVE_COMPILATION_CONDITIONS = DEBUG;
				SWIFT_OPTIMIZATION_LEVEL = "-Onone";
			};
			name = Debug;
		};
		CEA2E0092A4C696B00AB527A /* Release */ = {
			isa = XCBuildConfiguration;
			buildSettings = {
				ALWAYS_SEARCH_USER_PATHS = NO;
				CLANG_ANALYZER_NONNULL = YES;
				CLANG_ANALYZER_NUMBER_OBJECT_CONVERSION = YES_AGGRESSIVE;
				CLANG_CXX_LANGUAGE_STANDARD = "gnu++20";
				CLANG_ENABLE_MODULES = YES;
				CLANG_ENABLE_OBJC_ARC = YES;
				CLANG_ENABLE_OBJC_WEAK = YES;
				CLANG_WARN_BLOCK_CAPTURE_AUTORELEASING = YES;
				CLANG_WARN_BOOL_CONVERSION = YES;
				CLANG_WARN_COMMA = YES;
				CLANG_WARN_CONSTANT_CONVERSION = YES;
				CLANG_WARN_DEPRECATED_OBJC_IMPLEMENTATIONS = YES;
				CLANG_WARN_DIRECT_OBJC_ISA_USAGE = YES_ERROR;
				CLANG_WARN_DOCUMENTATION_COMMENTS = YES;
				CLANG_WARN_EMPTY_BODY = YES;
				CLANG_WARN_ENUM_CONVERSION = YES;
				CLANG_WARN_INFINITE_RECURSION = YES;
				CLANG_WARN_INT_CONVERSION = YES;
				CLANG_WARN_NON_LITERAL_NULL_CONVERSION = YES;
				CLANG_WARN_OBJC_IMPLICIT_RETAIN_SELF = YES;
				CLANG_WARN_OBJC_LITERAL_CONVERSION = YES;
				CLANG_WARN_OBJC_ROOT_CLASS = YES_ERROR;
				CLANG_WARN_QUOTED_INCLUDE_IN_FRAMEWORK_HEADER = YES;
				CLANG_WARN_RANGE_LOOP_ANALYSIS = YES;
				CLANG_WARN_STRICT_PROTOTYPES = YES;
				CLANG_WARN_SUSPICIOUS_MOVE = YES;
				CLANG_WARN_UNGUARDED_AVAILABILITY = YES_AGGRESSIVE;
				CLANG_WARN_UNREACHABLE_CODE = YES;
				CLANG_WARN__DUPLICATE_METHOD_MATCH = YES;
				COPY_PHASE_STRIP = NO;
				DEBUG_INFORMATION_FORMAT = "dwarf-with-dsym";
				ENABLE_NS_ASSERTIONS = NO;
				ENABLE_STRICT_OBJC_MSGSEND = YES;
				ENABLE_USER_SCRIPT_SANDBOXING = YES;
				GCC_C_LANGUAGE_STANDARD = gnu11;
				GCC_NO_COMMON_BLOCKS = YES;
				GCC_WARN_64_TO_32_BIT_CONVERSION = YES;
				GCC_WARN_ABOUT_RETURN_TYPE = YES_ERROR;
				GCC_WARN_UNDECLARED_SELECTOR = YES;
				GCC_WARN_UNINITIALIZED_AUTOS = YES_AGGRESSIVE;
				GCC_WARN_UNUSED_FUNCTION = YES;
				GCC_WARN_UNUSED_VARIABLE = YES;
				IPHONEOS_DEPLOYMENT_TARGET = 17.3;
				MTL_ENABLE_DEBUG_INFO = NO;
				MTL_FAST_MATH = YES;
				SDKROOT = iphoneos;
				SWIFT_COMPILATION_MODE = wholemodule;
				SWIFT_OPTIMIZATION_LEVEL = "-O";
				VALIDATE_PRODUCT = YES;
			};
			name = Release;
		};
		CEA2E00B2A4C696B00AB527A /* Debug */ = {
			isa = XCBuildConfiguration;
			buildSettings = {
				ASSETCATALOG_COMPILER_APPICON_NAME = AppIcon;
				ASSETCATALOG_COMPILER_GLOBAL_ACCENT_COLOR_NAME = AccentColor;
				CODE_SIGN_STYLE = Automatic;
				CURRENT_PROJECT_VERSION = 1;
				DEVELOPMENT_ASSET_PATHS = "\"Daily News/Preview Content\"";
				ENABLE_PREVIEWS = YES;
				GENERATE_INFOPLIST_FILE = YES;
				INFOPLIST_KEY_UIApplicationSceneManifest_Generation = YES;
				INFOPLIST_KEY_UIApplicationSupportsIndirectInputEvents = YES;
				INFOPLIST_KEY_UILaunchScreen_Generation = YES;
				INFOPLIST_KEY_UISupportedInterfaceOrientations_iPad = "UIInterfaceOrientationPortrait UIInterfaceOrientationPortraitUpsideDown UIInterfaceOrientationLandscapeLeft UIInterfaceOrientationLandscapeRight";
				INFOPLIST_KEY_UISupportedInterfaceOrientations_iPhone = "UIInterfaceOrientationPortrait UIInterfaceOrientationLandscapeLeft UIInterfaceOrientationLandscapeRight";
				LD_RUNPATH_SEARCH_PATHS = (
					"$(inherited)",
					"@executable_path/Frameworks",
				);
				MARKETING_VERSION = 1.0;
				PRODUCT_BUNDLE_IDENTIFIER = "de.syntax-institut.Daily-News";
				PRODUCT_NAME = "$(TARGET_NAME)";
				SWIFT_EMIT_LOC_STRINGS = YES;
				SWIFT_VERSION = 5.0;
				TARGETED_DEVICE_FAMILY = "1,2";
			};
			name = Debug;
		};
		CEA2E00C2A4C696B00AB527A /* Release */ = {
			isa = XCBuildConfiguration;
			buildSettings = {
				ASSETCATALOG_COMPILER_APPICON_NAME = AppIcon;
				ASSETCATALOG_COMPILER_GLOBAL_ACCENT_COLOR_NAME = AccentColor;
				CODE_SIGN_STYLE = Automatic;
				CURRENT_PROJECT_VERSION = 1;
				DEVELOPMENT_ASSET_PATHS = "\"Daily News/Preview Content\"";
				ENABLE_PREVIEWS = YES;
				GENERATE_INFOPLIST_FILE = YES;
				INFOPLIST_KEY_UIApplicationSceneManifest_Generation = YES;
				INFOPLIST_KEY_UIApplicationSupportsIndirectInputEvents = YES;
				INFOPLIST_KEY_UILaunchScreen_Generation = YES;
				INFOPLIST_KEY_UISupportedInterfaceOrientations_iPad = "UIInterfaceOrientationPortrait UIInterfaceOrientationPortraitUpsideDown UIInterfaceOrientationLandscapeLeft UIInterfaceOrientationLandscapeRight";
				INFOPLIST_KEY_UISupportedInterfaceOrientations_iPhone = "UIInterfaceOrientationPortrait UIInterfaceOrientationLandscapeLeft UIInterfaceOrientationLandscapeRight";
				LD_RUNPATH_SEARCH_PATHS = (
					"$(inherited)",
					"@executable_path/Frameworks",
				);
				MARKETING_VERSION = 1.0;
				PRODUCT_BUNDLE_IDENTIFIER = "de.syntax-institut.Daily-News";
				PRODUCT_NAME = "$(TARGET_NAME)";
				SWIFT_EMIT_LOC_STRINGS = YES;
				SWIFT_VERSION = 5.0;
				TARGETED_DEVICE_FAMILY = "1,2";
			};
			name = Release;
		};
/* End XCBuildConfiguration section */

/* Begin XCConfigurationList section */
		CEA2DFF72A4C696A00AB527A /* Build configuration list for PBXProject "Daily News" */ = {
			isa = XCConfigurationList;
			buildConfigurations = (
				CEA2E0082A4C696B00AB527A /* Debug */,
				CEA2E0092A4C696B00AB527A /* Release */,
			);
			defaultConfigurationIsVisible = 0;
			defaultConfigurationName = Release;
		};
		CEA2E00A2A4C696B00AB527A /* Build configuration list for PBXNativeTarget "Daily News" */ = {
			isa = XCConfigurationList;
			buildConfigurations = (
				CEA2E00B2A4C696B00AB527A /* Debug */,
				CEA2E00C2A4C696B00AB527A /* Release */,
			);
			defaultConfigurationIsVisible = 0;
			defaultConfigurationName = Release;
		};
/* End XCConfigurationList section */
	};
	rootObject = CEA2DFF42A4C696A00AB527A /* Project object */;
}
